
Microsoft Visual Studio Solution File, Format Version 12.00
# Visual Studio Version 16
VisualStudioVersion = 16.0.31205.134
MinimumVisualStudioVersion = 10.0.40219.1
Project("{9A19103F-16F7-4668-BE54-9A1E7A4F7556}") = "Bookless.WebApi", "Bookless.WebApi.csproj", "{1E0E541D-9D1D-40E9-9D67-A48419A67967}"
EndProject
Global
	GlobalSection(SolutionConfigurationPlatforms) = preSolution
		Debug|Any CPU = Debug|Any CPU
		Release|Any CPU = Release|Any CPU
	EndGlobalSection
	GlobalSection(ProjectConfigurationPlatforms) = postSolution
		{1E0E541D-9D1D-40E9-9D67-A48419A67967}.Debug|Any CPU.ActiveCfg = Debug|Any CPU
		{1E0E541D-9D1D-40E9-9D67-A48419A67967}.Debug|Any CPU.Build.0 = Debug|Any CPU
		{1E0E541D-9D1D-40E9-9D67-A48419A67967}.Release|Any CPU.ActiveCfg = Release|Any CPU
		{1E0E541D-9D1D-40E9-9D67-A48419A67967}.Release|Any CPU.Build.0 = Release|Any CPU
	EndGlobalSection
	GlobalSection(SolutionProperties) = preSolution
		HideSolutionNode = FALSE
	EndGlobalSection
	GlobalSection(ExtensibilityGlobals) = postSolution
		SolutionGuid = {0828985D-423F-412D-8FD7-7398193BB30A}
	EndGlobalSection
EndGlobal
