
Microsoft Visual Studio Solution File, Format Version 12.00
# Visual Studio Version 16
VisualStudioVersion = 16.0.31205.134
MinimumVisualStudioVersion = 10.0.40219.1
Project("{9A19103F-16F7-4668-BE54-9A1E7A4F7556}") = "Bookless.Logic", "Bookless.Logic.csproj", "{D6F59E25-35BC-409A-98A6-679D59C9C148}"
EndProject
Global
	GlobalSection(SolutionConfigurationPlatforms) = preSolution
		Debug|Any CPU = Debug|Any CPU
		Release|Any CPU = Release|Any CPU
	EndGlobalSection
	GlobalSection(ProjectConfigurationPlatforms) = postSolution
		{D6F59E25-35BC-409A-98A6-679D59C9C148}.Debug|Any CPU.ActiveCfg = Debug|Any CPU
		{D6F59E25-35BC-409A-98A6-679D59C9C148}.Debug|Any CPU.Build.0 = Debug|Any CPU
		{D6F59E25-35BC-409A-98A6-679D59C9C148}.Release|Any CPU.ActiveCfg = Release|Any CPU
		{D6F59E25-35BC-409A-98A6-679D59C9C148}.Release|Any CPU.Build.0 = Release|Any CPU
	EndGlobalSection
	GlobalSection(SolutionProperties) = preSolution
		HideSolutionNode = FALSE
	EndGlobalSection
	GlobalSection(ExtensibilityGlobals) = postSolution
		SolutionGuid = {8D53F01C-5BEB-443C-8048-A4033828E75D}
	EndGlobalSection
EndGlobal
