
Microsoft Visual Studio Solution File, Format Version 12.00
# Visual Studio Version 16
VisualStudioVersion = 16.0.31205.134
MinimumVisualStudioVersion = 10.0.40219.1
Project("{9A19103F-16F7-4668-BE54-9A1E7A4F7556}") = "Bookless.Transfer", "Bookless.Transfer.csproj", "{1FD0F5AB-6D9A-481B-ACC0-5933D6F6609B}"
EndProject
Global
	GlobalSection(SolutionConfigurationPlatforms) = preSolution
		Debug|Any CPU = Debug|Any CPU
		Release|Any CPU = Release|Any CPU
	EndGlobalSection
	GlobalSection(ProjectConfigurationPlatforms) = postSolution
		{1FD0F5AB-6D9A-481B-ACC0-5933D6F6609B}.Debug|Any CPU.ActiveCfg = Debug|Any CPU
		{1FD0F5AB-6D9A-481B-ACC0-5933D6F6609B}.Debug|Any CPU.Build.0 = Debug|Any CPU
		{1FD0F5AB-6D9A-481B-ACC0-5933D6F6609B}.Release|Any CPU.ActiveCfg = Release|Any CPU
		{1FD0F5AB-6D9A-481B-ACC0-5933D6F6609B}.Release|Any CPU.Build.0 = Release|Any CPU
	EndGlobalSection
	GlobalSection(SolutionProperties) = preSolution
		HideSolutionNode = FALSE
	EndGlobalSection
	GlobalSection(ExtensibilityGlobals) = postSolution
		SolutionGuid = {EADC8001-2B6D-4FC6-AB03-06D596388A10}
	EndGlobalSection
EndGlobal
