
Microsoft Visual Studio Solution File, Format Version 12.00
# Visual Studio Version 16
VisualStudioVersion = 16.0.31205.134
MinimumVisualStudioVersion = 10.0.40219.1
Project("{9A19103F-16F7-4668-BE54-9A1E7A4F7556}") = "Bookless.Contracts", "Bookless.Contracts.csproj", "{4E3DAE93-2F42-4E70-A511-1E694FF2C366}"
EndProject
Global
	GlobalSection(SolutionConfigurationPlatforms) = preSolution
		Debug|Any CPU = Debug|Any CPU
		Release|Any CPU = Release|Any CPU
	EndGlobalSection
	GlobalSection(ProjectConfigurationPlatforms) = postSolution
		{4E3DAE93-2F42-4E70-A511-1E694FF2C366}.Debug|Any CPU.ActiveCfg = Debug|Any CPU
		{4E3DAE93-2F42-4E70-A511-1E694FF2C366}.Debug|Any CPU.Build.0 = Debug|Any CPU
		{4E3DAE93-2F42-4E70-A511-1E694FF2C366}.Release|Any CPU.ActiveCfg = Release|Any CPU
		{4E3DAE93-2F42-4E70-A511-1E694FF2C366}.Release|Any CPU.Build.0 = Release|Any CPU
	EndGlobalSection
	GlobalSection(SolutionProperties) = preSolution
		HideSolutionNode = FALSE
	EndGlobalSection
	GlobalSection(ExtensibilityGlobals) = postSolution
		SolutionGuid = {EFADA3C5-7764-4C42-B023-0EC83A6BCA2D}
	EndGlobalSection
EndGlobal
